
Microsoft Visual Studio Solution File, Format Version 12.00
# Visual Studio Version 17
VisualStudioVersion = 17.3.32901.215
MinimumVisualStudioVersion = 10.0.40219.1
Project("{FAE04EC0-301F-11D3-BF4B-00C04F79EFBC}") = "Tracer.Core", "Tracer.Core\Tracer.Core.csproj", "{6619D1AB-74CB-4C39-A911-2C00C8F620BA}"
EndProject
Project("{FAE04EC0-301F-11D3-BF4B-00C04F79EFBC}") = "Tracer.Example", "Tracer.Example\Tracer.Example.csproj", "{8B417455-180C-4559-A496-3D86AAFD01FE}"
EndProject
Global
	GlobalSection(SolutionConfigurationPlatforms) = preSolution
		Debug|Any CPU = Debug|Any CPU
		Release|Any CPU = Release|Any CPU
	EndGlobalSection
	GlobalSection(ProjectConfigurationPlatforms) = postSolution
		{6619D1AB-74CB-4C39-A911-2C00C8F620BA}.Debug|Any CPU.ActiveCfg = Debug|Any CPU
		{6619D1AB-74CB-4C39-A911-2C00C8F620BA}.Debug|Any CPU.Build.0 = Debug|Any CPU
		{6619D1AB-74CB-4C39-A911-2C00C8F620BA}.Release|Any CPU.ActiveCfg = Release|Any CPU
		{6619D1AB-74CB-4C39-A911-2C00C8F620BA}.Release|Any CPU.Build.0 = Release|Any CPU
		{8B417455-180C-4559-A496-3D86AAFD01FE}.Debug|Any CPU.ActiveCfg = Debug|Any CPU
		{8B417455-180C-4559-A496-3D86AAFD01FE}.Debug|Any CPU.Build.0 = Debug|Any CPU
		{8B417455-180C-4559-A496-3D86AAFD01FE}.Release|Any CPU.ActiveCfg = Release|Any CPU
		{8B417455-180C-4559-A496-3D86AAFD01FE}.Release|Any CPU.Build.0 = Release|Any CPU
	EndGlobalSection
	GlobalSection(SolutionProperties) = preSolution
		HideSolutionNode = FALSE
	EndGlobalSection
	GlobalSection(ExtensibilityGlobals) = postSolution
		SolutionGuid = {A9FC8C99-1D0A-4516-9D1C-131C2BBFB87F}
	EndGlobalSection
EndGlobal
